
Microsoft Visual Studio Solution File, Format Version 12.00
# Visual Studio 15
VisualStudioVersion = 15.0.27004.2005
MinimumVisualStudioVersion = 10.0.40219.1
Project("{FAE04EC0-301F-11D3-BF4B-00C04F79EFBC}") = "Equilibrium", "Equilibrium\Equilibrium.csproj", "{88C0461E-4FD2-45BC-B98C-AF563A792ABD}"
EndProject
Global
	GlobalSection(SolutionConfigurationPlatforms) = preSolution
		Debug|Any CPU = Debug|Any CPU
		Release|Any CPU = Release|Any CPU
	EndGlobalSection
	GlobalSection(ProjectConfigurationPlatforms) = postSolution
		{88C0461E-4FD2-45BC-B98C-AF563A792ABD}.Debug|Any CPU.ActiveCfg = Debug|Any CPU
		{88C0461E-4FD2-45BC-B98C-AF563A792ABD}.Debug|Any CPU.Build.0 = Debug|Any CPU
		{88C0461E-4FD2-45BC-B98C-AF563A792ABD}.Release|Any CPU.ActiveCfg = Release|Any CPU
		{88C0461E-4FD2-45BC-B98C-AF563A792ABD}.Release|Any CPU.Build.0 = Release|Any CPU
	EndGlobalSection
	GlobalSection(SolutionProperties) = preSolution
		HideSolutionNode = FALSE
	EndGlobalSection
	GlobalSection(ExtensibilityGlobals) = postSolution
		SolutionGuid = {F5A220C9-7EF4-423B-B15A-289700E1D485}
	EndGlobalSection
EndGlobal
